
Microsoft Visual Studio Solution File, Format Version 12.00
# Visual Studio Version 17
VisualStudioVersion = 17.4.33122.133
MinimumVisualStudioVersion = 10.0.40219.1
Project("{FAE04EC0-301F-11D3-BF4B-00C04F79EFBC}") = "UI_ejemplo_1", "UI_ejemplo_1.csproj", "{B6729D28-FD9C-45DD-902D-CD63BCCE353C}"
EndProject
Global
	GlobalSection(SolutionConfigurationPlatforms) = preSolution
		Debug|Any CPU = Debug|Any CPU
		Release|Any CPU = Release|Any CPU
	EndGlobalSection
	GlobalSection(ProjectConfigurationPlatforms) = postSolution
		{B6729D28-FD9C-45DD-902D-CD63BCCE353C}.Debug|Any CPU.ActiveCfg = Debug|Any CPU
		{B6729D28-FD9C-45DD-902D-CD63BCCE353C}.Debug|Any CPU.Build.0 = Debug|Any CPU
		{B6729D28-FD9C-45DD-902D-CD63BCCE353C}.Release|Any CPU.ActiveCfg = Release|Any CPU
		{B6729D28-FD9C-45DD-902D-CD63BCCE353C}.Release|Any CPU.Build.0 = Release|Any CPU
	EndGlobalSection
	GlobalSection(SolutionProperties) = preSolution
		HideSolutionNode = FALSE
	EndGlobalSection
	GlobalSection(ExtensibilityGlobals) = postSolution
		SolutionGuid = {DA051766-4EC5-4D09-83FA-7949957247DB}
	EndGlobalSection
EndGlobal
